
Microsoft Visual Studio Solution File, Format Version 12.00
# Visual Studio 2013
VisualStudioVersion = 12.0.40629.0
MinimumVisualStudioVersion = 10.0.40219.1
Project("{E24C65DC-7377-472B-9ABA-BC803B73C61A}") = "RetirementCalculator(1)", "http://localhost:1081", "{A8DA792C-205A-4CAD-ADA5-841FF59B84CB}"
	ProjectSection(WebsiteProperties) = preProject
		UseIISExpress = "true"
		TargetFrameworkMoniker = ".NETFramework,Version%3Dv4.5"
		Debug.AspNetCompiler.VirtualPath = "/localhost_1081"
		Debug.AspNetCompiler.PhysicalPath = "RetirementCalculator\"
		Debug.AspNetCompiler.TargetPath = "PrecompiledWeb\localhost_1081\"
		Debug.AspNetCompiler.Updateable = "true"
		Debug.AspNetCompiler.ForceOverwrite = "true"
		Debug.AspNetCompiler.FixedNames = "false"
		Debug.AspNetCompiler.Debug = "True"
		Release.AspNetCompiler.VirtualPath = "/localhost_1081"
		Release.AspNetCompiler.PhysicalPath = "RetirementCalculator\"
		Release.AspNetCompiler.TargetPath = "PrecompiledWeb\localhost_1081\"
		Release.AspNetCompiler.Updateable = "true"
		Release.AspNetCompiler.ForceOverwrite = "true"
		Release.AspNetCompiler.FixedNames = "false"
		Release.AspNetCompiler.Debug = "False"
		SlnRelativePath = "RetirementCalculator\"
	EndProjectSection
EndProject
Project("{FAE04EC0-301F-11D3-BF4B-00C04F79EFBC}") = "Tests", "Tests\Tests.csproj", "{CFC21CAA-596C-4A97-9B5D-5D3143644928}"
EndProject
Global
	GlobalSection(SolutionConfigurationPlatforms) = preSolution
		Debug|Any CPU = Debug|Any CPU
		Release|Any CPU = Release|Any CPU
	EndGlobalSection
	GlobalSection(ProjectConfigurationPlatforms) = postSolution
		{A8DA792C-205A-4CAD-ADA5-841FF59B84CB}.Debug|Any CPU.ActiveCfg = Debug|Any CPU
		{A8DA792C-205A-4CAD-ADA5-841FF59B84CB}.Debug|Any CPU.Build.0 = Debug|Any CPU
		{A8DA792C-205A-4CAD-ADA5-841FF59B84CB}.Release|Any CPU.ActiveCfg = Debug|Any CPU
		{A8DA792C-205A-4CAD-ADA5-841FF59B84CB}.Release|Any CPU.Build.0 = Debug|Any CPU
		{CFC21CAA-596C-4A97-9B5D-5D3143644928}.Debug|Any CPU.ActiveCfg = Debug|Any CPU
		{CFC21CAA-596C-4A97-9B5D-5D3143644928}.Debug|Any CPU.Build.0 = Debug|Any CPU
		{CFC21CAA-596C-4A97-9B5D-5D3143644928}.Release|Any CPU.ActiveCfg = Release|Any CPU
		{CFC21CAA-596C-4A97-9B5D-5D3143644928}.Release|Any CPU.Build.0 = Release|Any CPU
	EndGlobalSection
	GlobalSection(SolutionProperties) = preSolution
		HideSolutionNode = FALSE
	EndGlobalSection
EndGlobal
